{
  "name": "brainpool-clean",
  "version": "0.1.0",
  "lockfileVersion": 3,
  "requires": true,
  "packages": {
    "": {
      "name": "brainpool-clean",
      "version": "0.1.0",
      "dependencies": {
        "@supabase/ssr": "^0.10.3",
        "@supabase/supabase-js": "2.108.0",
        "axios": "^1.15.2",
        "cloudinary": "^2.10.0",
        "next": "16.2.4",
        "react": "19.2.4",
        "react-dom": "19.2.4",
        "web-push": "^3.6.7"
      },
      "devDependencies": {
        "@tailwindcss/postcss": "^4",
        "@types/node": "^20",
        "@types/react": "^19",
        "@types/react-dom": "^19",
        "@types/web-push": "^3.6.4",
        "eslint": "^9",
        "eslint-config-next": "16.2.4",
        "sharp": "^0.34.5",
        "tailwindcss": "^4",
        "typescript": "^5"
      }
    },
    "node_modules/@alloc/quick-lru": {
      "version": "5.2.0",
      "resolved": "https://registry.npmjs.org/@alloc/quick-lru/-/quick-lru-5.2.0.tgz",
      "integrity": "sha512-UrcABB+4bUrFABwbluTIBErXwvbsU/V7TZWfmbgJfbkwiBuziS9gxdODUyuiecfdGQ85jglMW6juS3+z5TsKLw==",
      "dev": true,
      "license": "MIT",
      "engines": {"node": ">=10"},
      "funding": {"url": "https://github.com/sponsors/sindresorhus"}
    }
  }
}
